
Microsoft Visual Studio Solution File, Format Version 12.00
# Visual Studio Version 17
VisualStudioVersion = 17.13.35931.197 d17.13
MinimumVisualStudioVersion = 10.0.40219.1
Project("{FAE04EC0-301F-11D3-BF4B-00C04F79EFBC}") = "Esercizio123", "Esercizio123\Esercizio123.csproj", "{469B8F87-46A8-47D7-A5F3-8295117BB39A}"
EndProject
Global
	GlobalSection(SolutionConfigurationPlatforms) = preSolution
		Debug|Any CPU = Debug|Any CPU
		Release|Any CPU = Release|Any CPU
	EndGlobalSection
	GlobalSection(ProjectConfigurationPlatforms) = postSolution
		{469B8F87-46A8-47D7-A5F3-8295117BB39A}.Debug|Any CPU.ActiveCfg = Debug|Any CPU
		{469B8F87-46A8-47D7-A5F3-8295117BB39A}.Debug|Any CPU.Build.0 = Debug|Any CPU
		{469B8F87-46A8-47D7-A5F3-8295117BB39A}.Release|Any CPU.ActiveCfg = Release|Any CPU
		{469B8F87-46A8-47D7-A5F3-8295117BB39A}.Release|Any CPU.Build.0 = Release|Any CPU
	EndGlobalSection
	GlobalSection(SolutionProperties) = preSolution
		HideSolutionNode = FALSE
	EndGlobalSection
	GlobalSection(ExtensibilityGlobals) = postSolution
		SolutionGuid = {ECA43A84-BD22-4E27-99A1-E1BA377E4EEF}
	EndGlobalSection
EndGlobal
