
Microsoft Visual Studio Solution File, Format Version 12.00
# Visual Studio Version 17
VisualStudioVersion = 17.13.35931.197 d17.13
MinimumVisualStudioVersion = 10.0.40219.1
Project("{FAE04EC0-301F-11D3-BF4B-00C04F79EFBC}") = "Esercizio120", "Esercizio120\Esercizio120.csproj", "{D24E7B65-03A0-4F65-AA4B-A0448510B62E}"
EndProject
Global
	GlobalSection(SolutionConfigurationPlatforms) = preSolution
		Debug|Any CPU = Debug|Any CPU
		Release|Any CPU = Release|Any CPU
	EndGlobalSection
	GlobalSection(ProjectConfigurationPlatforms) = postSolution
		{D24E7B65-03A0-4F65-AA4B-A0448510B62E}.Debug|Any CPU.ActiveCfg = Debug|Any CPU
		{D24E7B65-03A0-4F65-AA4B-A0448510B62E}.Debug|Any CPU.Build.0 = Debug|Any CPU
		{D24E7B65-03A0-4F65-AA4B-A0448510B62E}.Release|Any CPU.ActiveCfg = Release|Any CPU
		{D24E7B65-03A0-4F65-AA4B-A0448510B62E}.Release|Any CPU.Build.0 = Release|Any CPU
	EndGlobalSection
	GlobalSection(SolutionProperties) = preSolution
		HideSolutionNode = FALSE
	EndGlobalSection
	GlobalSection(ExtensibilityGlobals) = postSolution
		SolutionGuid = {01504663-E85B-4018-8BD8-223742E0EC85}
	EndGlobalSection
EndGlobal
