
Microsoft Visual Studio Solution File, Format Version 12.00
# Visual Studio Version 17
VisualStudioVersion = 17.13.35931.197 d17.13
MinimumVisualStudioVersion = 10.0.40219.1
Project("{FAE04EC0-301F-11D3-BF4B-00C04F79EFBC}") = "Esercizio52", "Esercizio52\Esercizio52.csproj", "{43552040-7CE9-4B8C-8B90-E8FEC5CC7019}"
EndProject
Global
	GlobalSection(SolutionConfigurationPlatforms) = preSolution
		Debug|Any CPU = Debug|Any CPU
		Release|Any CPU = Release|Any CPU
	EndGlobalSection
	GlobalSection(ProjectConfigurationPlatforms) = postSolution
		{43552040-7CE9-4B8C-8B90-E8FEC5CC7019}.Debug|Any CPU.ActiveCfg = Debug|Any CPU
		{43552040-7CE9-4B8C-8B90-E8FEC5CC7019}.Debug|Any CPU.Build.0 = Debug|Any CPU
		{43552040-7CE9-4B8C-8B90-E8FEC5CC7019}.Release|Any CPU.ActiveCfg = Release|Any CPU
		{43552040-7CE9-4B8C-8B90-E8FEC5CC7019}.Release|Any CPU.Build.0 = Release|Any CPU
	EndGlobalSection
	GlobalSection(SolutionProperties) = preSolution
		HideSolutionNode = FALSE
	EndGlobalSection
	GlobalSection(ExtensibilityGlobals) = postSolution
		SolutionGuid = {6E94ACEB-01DA-45A3-8E7C-AE19E7F39951}
	EndGlobalSection
EndGlobal
