
Microsoft Visual Studio Solution File, Format Version 12.00
# Visual Studio Version 17
VisualStudioVersion = 17.13.35931.197 d17.13
MinimumVisualStudioVersion = 10.0.40219.1
Project("{FAE04EC0-301F-11D3-BF4B-00C04F79EFBC}") = "Esercizio223", "Esercizio223\Esercizio223.csproj", "{EC40C2A1-9D5C-4117-9A1D-2781CC4452EE}"
EndProject
Global
	GlobalSection(SolutionConfigurationPlatforms) = preSolution
		Debug|Any CPU = Debug|Any CPU
		Release|Any CPU = Release|Any CPU
	EndGlobalSection
	GlobalSection(ProjectConfigurationPlatforms) = postSolution
		{EC40C2A1-9D5C-4117-9A1D-2781CC4452EE}.Debug|Any CPU.ActiveCfg = Debug|Any CPU
		{EC40C2A1-9D5C-4117-9A1D-2781CC4452EE}.Debug|Any CPU.Build.0 = Debug|Any CPU
		{EC40C2A1-9D5C-4117-9A1D-2781CC4452EE}.Release|Any CPU.ActiveCfg = Release|Any CPU
		{EC40C2A1-9D5C-4117-9A1D-2781CC4452EE}.Release|Any CPU.Build.0 = Release|Any CPU
	EndGlobalSection
	GlobalSection(SolutionProperties) = preSolution
		HideSolutionNode = FALSE
	EndGlobalSection
	GlobalSection(ExtensibilityGlobals) = postSolution
		SolutionGuid = {4856AAD2-B976-43B7-A4BC-D2B406B9FAE0}
	EndGlobalSection
EndGlobal
