
Microsoft Visual Studio Solution File, Format Version 12.00
# Visual Studio Version 17
VisualStudioVersion = 17.13.35931.197 d17.13
MinimumVisualStudioVersion = 10.0.40219.1
Project("{FAE04EC0-301F-11D3-BF4B-00C04F79EFBC}") = "Esercizio152", "Esercizio152\Esercizio152.csproj", "{A4BA1288-F233-4FA7-A10E-2D2DD34FE1CD}"
EndProject
Global
	GlobalSection(SolutionConfigurationPlatforms) = preSolution
		Debug|Any CPU = Debug|Any CPU
		Release|Any CPU = Release|Any CPU
	EndGlobalSection
	GlobalSection(ProjectConfigurationPlatforms) = postSolution
		{A4BA1288-F233-4FA7-A10E-2D2DD34FE1CD}.Debug|Any CPU.ActiveCfg = Debug|Any CPU
		{A4BA1288-F233-4FA7-A10E-2D2DD34FE1CD}.Debug|Any CPU.Build.0 = Debug|Any CPU
		{A4BA1288-F233-4FA7-A10E-2D2DD34FE1CD}.Release|Any CPU.ActiveCfg = Release|Any CPU
		{A4BA1288-F233-4FA7-A10E-2D2DD34FE1CD}.Release|Any CPU.Build.0 = Release|Any CPU
	EndGlobalSection
	GlobalSection(SolutionProperties) = preSolution
		HideSolutionNode = FALSE
	EndGlobalSection
	GlobalSection(ExtensibilityGlobals) = postSolution
		SolutionGuid = {F10B7965-0C62-4247-BB5E-F160384DCE37}
	EndGlobalSection
EndGlobal
