
Microsoft Visual Studio Solution File, Format Version 12.00
# Visual Studio Version 17
VisualStudioVersion = 17.13.35931.197 d17.13
MinimumVisualStudioVersion = 10.0.40219.1
Project("{FAE04EC0-301F-11D3-BF4B-00C04F79EFBC}") = "Esercizio180", "Esercizio180\Esercizio180.csproj", "{5DF4C4C5-05AC-4894-A8DB-C7E095BD662B}"
EndProject
Global
	GlobalSection(SolutionConfigurationPlatforms) = preSolution
		Debug|Any CPU = Debug|Any CPU
		Release|Any CPU = Release|Any CPU
	EndGlobalSection
	GlobalSection(ProjectConfigurationPlatforms) = postSolution
		{5DF4C4C5-05AC-4894-A8DB-C7E095BD662B}.Debug|Any CPU.ActiveCfg = Debug|Any CPU
		{5DF4C4C5-05AC-4894-A8DB-C7E095BD662B}.Debug|Any CPU.Build.0 = Debug|Any CPU
		{5DF4C4C5-05AC-4894-A8DB-C7E095BD662B}.Release|Any CPU.ActiveCfg = Release|Any CPU
		{5DF4C4C5-05AC-4894-A8DB-C7E095BD662B}.Release|Any CPU.Build.0 = Release|Any CPU
	EndGlobalSection
	GlobalSection(SolutionProperties) = preSolution
		HideSolutionNode = FALSE
	EndGlobalSection
	GlobalSection(ExtensibilityGlobals) = postSolution
		SolutionGuid = {AD65819B-A81E-42E4-845E-7F08BA4890FA}
	EndGlobalSection
EndGlobal
