
Microsoft Visual Studio Solution File, Format Version 12.00
# Visual Studio Version 17
VisualStudioVersion = 17.13.35931.197 d17.13
MinimumVisualStudioVersion = 10.0.40219.1
Project("{FAE04EC0-301F-11D3-BF4B-00C04F79EFBC}") = "Esercizio60", "Esercizio60\Esercizio60.csproj", "{D2BB741D-73DA-4D51-BE1B-2BE2E9B73398}"
EndProject
Global
	GlobalSection(SolutionConfigurationPlatforms) = preSolution
		Debug|Any CPU = Debug|Any CPU
		Release|Any CPU = Release|Any CPU
	EndGlobalSection
	GlobalSection(ProjectConfigurationPlatforms) = postSolution
		{D2BB741D-73DA-4D51-BE1B-2BE2E9B73398}.Debug|Any CPU.ActiveCfg = Debug|Any CPU
		{D2BB741D-73DA-4D51-BE1B-2BE2E9B73398}.Debug|Any CPU.Build.0 = Debug|Any CPU
		{D2BB741D-73DA-4D51-BE1B-2BE2E9B73398}.Release|Any CPU.ActiveCfg = Release|Any CPU
		{D2BB741D-73DA-4D51-BE1B-2BE2E9B73398}.Release|Any CPU.Build.0 = Release|Any CPU
	EndGlobalSection
	GlobalSection(SolutionProperties) = preSolution
		HideSolutionNode = FALSE
	EndGlobalSection
	GlobalSection(ExtensibilityGlobals) = postSolution
		SolutionGuid = {4FDEB4E4-FE03-42BD-A052-E177EFC93C89}
	EndGlobalSection
EndGlobal
