
Microsoft Visual Studio Solution File, Format Version 12.00
# Visual Studio Version 17
VisualStudioVersion = 17.13.35919.96 d17.13
MinimumVisualStudioVersion = 10.0.40219.1
Project("{FAE04EC0-301F-11D3-BF4B-00C04F79EFBC}") = "Esercizio26", "Esercizio26\Esercizio26.csproj", "{270FA12C-01FB-4AFE-8404-C395399B9405}"
EndProject
Global
	GlobalSection(SolutionConfigurationPlatforms) = preSolution
		Debug|Any CPU = Debug|Any CPU
		Release|Any CPU = Release|Any CPU
	EndGlobalSection
	GlobalSection(ProjectConfigurationPlatforms) = postSolution
		{270FA12C-01FB-4AFE-8404-C395399B9405}.Debug|Any CPU.ActiveCfg = Debug|Any CPU
		{270FA12C-01FB-4AFE-8404-C395399B9405}.Debug|Any CPU.Build.0 = Debug|Any CPU
		{270FA12C-01FB-4AFE-8404-C395399B9405}.Release|Any CPU.ActiveCfg = Release|Any CPU
		{270FA12C-01FB-4AFE-8404-C395399B9405}.Release|Any CPU.Build.0 = Release|Any CPU
	EndGlobalSection
	GlobalSection(SolutionProperties) = preSolution
		HideSolutionNode = FALSE
	EndGlobalSection
	GlobalSection(ExtensibilityGlobals) = postSolution
		SolutionGuid = {C4AF1C98-BEAA-4463-9DB2-6694DE6FC2B0}
	EndGlobalSection
EndGlobal
