
Microsoft Visual Studio Solution File, Format Version 12.00
# Visual Studio Version 17
VisualStudioVersion = 17.13.35931.197 d17.13
MinimumVisualStudioVersion = 10.0.40219.1
Project("{FAE04EC0-301F-11D3-BF4B-00C04F79EFBC}") = "Esercizio74", "Esercizio74\Esercizio74.csproj", "{8BA0D0B9-AE08-4932-8696-558E39D14B9F}"
EndProject
Global
	GlobalSection(SolutionConfigurationPlatforms) = preSolution
		Debug|Any CPU = Debug|Any CPU
		Release|Any CPU = Release|Any CPU
	EndGlobalSection
	GlobalSection(ProjectConfigurationPlatforms) = postSolution
		{8BA0D0B9-AE08-4932-8696-558E39D14B9F}.Debug|Any CPU.ActiveCfg = Debug|Any CPU
		{8BA0D0B9-AE08-4932-8696-558E39D14B9F}.Debug|Any CPU.Build.0 = Debug|Any CPU
		{8BA0D0B9-AE08-4932-8696-558E39D14B9F}.Release|Any CPU.ActiveCfg = Release|Any CPU
		{8BA0D0B9-AE08-4932-8696-558E39D14B9F}.Release|Any CPU.Build.0 = Release|Any CPU
	EndGlobalSection
	GlobalSection(SolutionProperties) = preSolution
		HideSolutionNode = FALSE
	EndGlobalSection
	GlobalSection(ExtensibilityGlobals) = postSolution
		SolutionGuid = {BDDBE9D3-3F3B-4E3A-A68C-BC5333023F5D}
	EndGlobalSection
EndGlobal
