
Microsoft Visual Studio Solution File, Format Version 12.00
# Visual Studio Version 17
VisualStudioVersion = 17.13.35931.197 d17.13
MinimumVisualStudioVersion = 10.0.40219.1
Project("{FAE04EC0-301F-11D3-BF4B-00C04F79EFBC}") = "Esercizio70", "Esercizio70\Esercizio70.csproj", "{6C020928-D518-4C5A-8497-C31FFB8991BD}"
EndProject
Global
	GlobalSection(SolutionConfigurationPlatforms) = preSolution
		Debug|Any CPU = Debug|Any CPU
		Release|Any CPU = Release|Any CPU
	EndGlobalSection
	GlobalSection(ProjectConfigurationPlatforms) = postSolution
		{6C020928-D518-4C5A-8497-C31FFB8991BD}.Debug|Any CPU.ActiveCfg = Debug|Any CPU
		{6C020928-D518-4C5A-8497-C31FFB8991BD}.Debug|Any CPU.Build.0 = Debug|Any CPU
		{6C020928-D518-4C5A-8497-C31FFB8991BD}.Release|Any CPU.ActiveCfg = Release|Any CPU
		{6C020928-D518-4C5A-8497-C31FFB8991BD}.Release|Any CPU.Build.0 = Release|Any CPU
	EndGlobalSection
	GlobalSection(SolutionProperties) = preSolution
		HideSolutionNode = FALSE
	EndGlobalSection
	GlobalSection(ExtensibilityGlobals) = postSolution
		SolutionGuid = {18F85406-A7F9-402B-A94D-CAE2AF3D7BBA}
	EndGlobalSection
EndGlobal
