
Microsoft Visual Studio Solution File, Format Version 12.00
# Visual Studio Version 17
VisualStudioVersion = 17.13.35931.197 d17.13
MinimumVisualStudioVersion = 10.0.40219.1
Project("{FAE04EC0-301F-11D3-BF4B-00C04F79EFBC}") = "Esercizio53", "Esercizio53\Esercizio53.csproj", "{9056E473-D270-4F1E-AD7E-61AFD7E9D568}"
EndProject
Global
	GlobalSection(SolutionConfigurationPlatforms) = preSolution
		Debug|Any CPU = Debug|Any CPU
		Release|Any CPU = Release|Any CPU
	EndGlobalSection
	GlobalSection(ProjectConfigurationPlatforms) = postSolution
		{9056E473-D270-4F1E-AD7E-61AFD7E9D568}.Debug|Any CPU.ActiveCfg = Debug|Any CPU
		{9056E473-D270-4F1E-AD7E-61AFD7E9D568}.Debug|Any CPU.Build.0 = Debug|Any CPU
		{9056E473-D270-4F1E-AD7E-61AFD7E9D568}.Release|Any CPU.ActiveCfg = Release|Any CPU
		{9056E473-D270-4F1E-AD7E-61AFD7E9D568}.Release|Any CPU.Build.0 = Release|Any CPU
	EndGlobalSection
	GlobalSection(SolutionProperties) = preSolution
		HideSolutionNode = FALSE
	EndGlobalSection
	GlobalSection(ExtensibilityGlobals) = postSolution
		SolutionGuid = {473B2030-72DF-49F8-8EC6-54FF3374DD99}
	EndGlobalSection
EndGlobal
