
Microsoft Visual Studio Solution File, Format Version 12.00
# Visual Studio Version 17
VisualStudioVersion = 17.13.35931.197 d17.13
MinimumVisualStudioVersion = 10.0.40219.1
Project("{FAE04EC0-301F-11D3-BF4B-00C04F79EFBC}") = "Esercizio154", "Esercizio154\Esercizio154.csproj", "{861BBCD9-AA58-4157-93FA-67F24C409DF5}"
EndProject
Global
	GlobalSection(SolutionConfigurationPlatforms) = preSolution
		Debug|Any CPU = Debug|Any CPU
		Release|Any CPU = Release|Any CPU
	EndGlobalSection
	GlobalSection(ProjectConfigurationPlatforms) = postSolution
		{861BBCD9-AA58-4157-93FA-67F24C409DF5}.Debug|Any CPU.ActiveCfg = Debug|Any CPU
		{861BBCD9-AA58-4157-93FA-67F24C409DF5}.Debug|Any CPU.Build.0 = Debug|Any CPU
		{861BBCD9-AA58-4157-93FA-67F24C409DF5}.Release|Any CPU.ActiveCfg = Release|Any CPU
		{861BBCD9-AA58-4157-93FA-67F24C409DF5}.Release|Any CPU.Build.0 = Release|Any CPU
	EndGlobalSection
	GlobalSection(SolutionProperties) = preSolution
		HideSolutionNode = FALSE
	EndGlobalSection
	GlobalSection(ExtensibilityGlobals) = postSolution
		SolutionGuid = {E9C3EF17-6AC5-4E47-8CD1-EB2168CDC0D3}
	EndGlobalSection
EndGlobal
