
Microsoft Visual Studio Solution File, Format Version 12.00
# Visual Studio Version 17
VisualStudioVersion = 17.13.35931.197 d17.13
MinimumVisualStudioVersion = 10.0.40219.1
Project("{FAE04EC0-301F-11D3-BF4B-00C04F79EFBC}") = "Esercizio181", "Esercizio181\Esercizio181.csproj", "{33580AE3-0CB1-4FE0-BCE9-715C9DB4D628}"
EndProject
Global
	GlobalSection(SolutionConfigurationPlatforms) = preSolution
		Debug|Any CPU = Debug|Any CPU
		Release|Any CPU = Release|Any CPU
	EndGlobalSection
	GlobalSection(ProjectConfigurationPlatforms) = postSolution
		{33580AE3-0CB1-4FE0-BCE9-715C9DB4D628}.Debug|Any CPU.ActiveCfg = Debug|Any CPU
		{33580AE3-0CB1-4FE0-BCE9-715C9DB4D628}.Debug|Any CPU.Build.0 = Debug|Any CPU
		{33580AE3-0CB1-4FE0-BCE9-715C9DB4D628}.Release|Any CPU.ActiveCfg = Release|Any CPU
		{33580AE3-0CB1-4FE0-BCE9-715C9DB4D628}.Release|Any CPU.Build.0 = Release|Any CPU
	EndGlobalSection
	GlobalSection(SolutionProperties) = preSolution
		HideSolutionNode = FALSE
	EndGlobalSection
	GlobalSection(ExtensibilityGlobals) = postSolution
		SolutionGuid = {3BCD3447-3484-485B-AC8E-ECED5C078E07}
	EndGlobalSection
EndGlobal
