
Microsoft Visual Studio Solution File, Format Version 12.00
# Visual Studio Version 17
VisualStudioVersion = 17.13.35931.197 d17.13
MinimumVisualStudioVersion = 10.0.40219.1
Project("{FAE04EC0-301F-11D3-BF4B-00C04F79EFBC}") = "Esercizio96", "Esercizio96\Esercizio96.csproj", "{8B5BEBE1-03AA-476B-B324-1D54E2E3D9AB}"
EndProject
Global
	GlobalSection(SolutionConfigurationPlatforms) = preSolution
		Debug|Any CPU = Debug|Any CPU
		Release|Any CPU = Release|Any CPU
	EndGlobalSection
	GlobalSection(ProjectConfigurationPlatforms) = postSolution
		{8B5BEBE1-03AA-476B-B324-1D54E2E3D9AB}.Debug|Any CPU.ActiveCfg = Debug|Any CPU
		{8B5BEBE1-03AA-476B-B324-1D54E2E3D9AB}.Debug|Any CPU.Build.0 = Debug|Any CPU
		{8B5BEBE1-03AA-476B-B324-1D54E2E3D9AB}.Release|Any CPU.ActiveCfg = Release|Any CPU
		{8B5BEBE1-03AA-476B-B324-1D54E2E3D9AB}.Release|Any CPU.Build.0 = Release|Any CPU
	EndGlobalSection
	GlobalSection(SolutionProperties) = preSolution
		HideSolutionNode = FALSE
	EndGlobalSection
	GlobalSection(ExtensibilityGlobals) = postSolution
		SolutionGuid = {B6C05013-356A-4602-B4A2-88FAD33BAEC2}
	EndGlobalSection
EndGlobal
