
Microsoft Visual Studio Solution File, Format Version 12.00
# Visual Studio Version 17
VisualStudioVersion = 17.13.35919.96 d17.13
MinimumVisualStudioVersion = 10.0.40219.1
Project("{FAE04EC0-301F-11D3-BF4B-00C04F79EFBC}") = "Esercizio29", "Esercizio29\Esercizio29.csproj", "{5BD936F0-6EC4-4400-B2D2-97332D160737}"
EndProject
Global
	GlobalSection(SolutionConfigurationPlatforms) = preSolution
		Debug|Any CPU = Debug|Any CPU
		Release|Any CPU = Release|Any CPU
	EndGlobalSection
	GlobalSection(ProjectConfigurationPlatforms) = postSolution
		{5BD936F0-6EC4-4400-B2D2-97332D160737}.Debug|Any CPU.ActiveCfg = Debug|Any CPU
		{5BD936F0-6EC4-4400-B2D2-97332D160737}.Debug|Any CPU.Build.0 = Debug|Any CPU
		{5BD936F0-6EC4-4400-B2D2-97332D160737}.Release|Any CPU.ActiveCfg = Release|Any CPU
		{5BD936F0-6EC4-4400-B2D2-97332D160737}.Release|Any CPU.Build.0 = Release|Any CPU
	EndGlobalSection
	GlobalSection(SolutionProperties) = preSolution
		HideSolutionNode = FALSE
	EndGlobalSection
	GlobalSection(ExtensibilityGlobals) = postSolution
		SolutionGuid = {0A7BAA5B-82BF-44B2-9FB9-E32167E6E6AF}
	EndGlobalSection
EndGlobal
