
Microsoft Visual Studio Solution File, Format Version 12.00
# Visual Studio Version 17
VisualStudioVersion = 17.13.35931.197 d17.13
MinimumVisualStudioVersion = 10.0.40219.1
Project("{FAE04EC0-301F-11D3-BF4B-00C04F79EFBC}") = "ObjectOrientedProgramming", "ObjectOrientedProgramming\ObjectOrientedProgramming.csproj", "{D4838F44-CC47-411D-82AA-AB2087C535EA}"
EndProject
Global
	GlobalSection(SolutionConfigurationPlatforms) = preSolution
		Debug|Any CPU = Debug|Any CPU
		Release|Any CPU = Release|Any CPU
	EndGlobalSection
	GlobalSection(ProjectConfigurationPlatforms) = postSolution
		{D4838F44-CC47-411D-82AA-AB2087C535EA}.Debug|Any CPU.ActiveCfg = Debug|Any CPU
		{D4838F44-CC47-411D-82AA-AB2087C535EA}.Debug|Any CPU.Build.0 = Debug|Any CPU
		{D4838F44-CC47-411D-82AA-AB2087C535EA}.Release|Any CPU.ActiveCfg = Release|Any CPU
		{D4838F44-CC47-411D-82AA-AB2087C535EA}.Release|Any CPU.Build.0 = Release|Any CPU
	EndGlobalSection
	GlobalSection(SolutionProperties) = preSolution
		HideSolutionNode = FALSE
	EndGlobalSection
	GlobalSection(ExtensibilityGlobals) = postSolution
		SolutionGuid = {E4E187A9-5E15-49E1-A7CE-7CB67B5D8484}
	EndGlobalSection
EndGlobal
