
Microsoft Visual Studio Solution File, Format Version 12.00
# Visual Studio Version 17
VisualStudioVersion = 17.13.35931.197 d17.13
MinimumVisualStudioVersion = 10.0.40219.1
Project("{FAE04EC0-301F-11D3-BF4B-00C04F79EFBC}") = "Esercizio66", "Esercizio66\Esercizio66.csproj", "{8845640B-43B4-4797-B1E1-6379240F35F9}"
EndProject
Global
	GlobalSection(SolutionConfigurationPlatforms) = preSolution
		Debug|Any CPU = Debug|Any CPU
		Release|Any CPU = Release|Any CPU
	EndGlobalSection
	GlobalSection(ProjectConfigurationPlatforms) = postSolution
		{8845640B-43B4-4797-B1E1-6379240F35F9}.Debug|Any CPU.ActiveCfg = Debug|Any CPU
		{8845640B-43B4-4797-B1E1-6379240F35F9}.Debug|Any CPU.Build.0 = Debug|Any CPU
		{8845640B-43B4-4797-B1E1-6379240F35F9}.Release|Any CPU.ActiveCfg = Release|Any CPU
		{8845640B-43B4-4797-B1E1-6379240F35F9}.Release|Any CPU.Build.0 = Release|Any CPU
	EndGlobalSection
	GlobalSection(SolutionProperties) = preSolution
		HideSolutionNode = FALSE
	EndGlobalSection
	GlobalSection(ExtensibilityGlobals) = postSolution
		SolutionGuid = {9D1D0450-F3A1-4C5C-AA62-5BB6FEEEC32B}
	EndGlobalSection
EndGlobal
