
Microsoft Visual Studio Solution File, Format Version 12.00
# Visual Studio Version 17
VisualStudioVersion = 17.13.35931.197 d17.13
MinimumVisualStudioVersion = 10.0.40219.1
Project("{FAE04EC0-301F-11D3-BF4B-00C04F79EFBC}") = "Esercizio174", "Esercizio174\Esercizio174.csproj", "{E2AD2987-FBF9-4F9C-B139-20D75F2374FE}"
EndProject
Global
	GlobalSection(SolutionConfigurationPlatforms) = preSolution
		Debug|Any CPU = Debug|Any CPU
		Release|Any CPU = Release|Any CPU
	EndGlobalSection
	GlobalSection(ProjectConfigurationPlatforms) = postSolution
		{E2AD2987-FBF9-4F9C-B139-20D75F2374FE}.Debug|Any CPU.ActiveCfg = Debug|Any CPU
		{E2AD2987-FBF9-4F9C-B139-20D75F2374FE}.Debug|Any CPU.Build.0 = Debug|Any CPU
		{E2AD2987-FBF9-4F9C-B139-20D75F2374FE}.Release|Any CPU.ActiveCfg = Release|Any CPU
		{E2AD2987-FBF9-4F9C-B139-20D75F2374FE}.Release|Any CPU.Build.0 = Release|Any CPU
	EndGlobalSection
	GlobalSection(SolutionProperties) = preSolution
		HideSolutionNode = FALSE
	EndGlobalSection
	GlobalSection(ExtensibilityGlobals) = postSolution
		SolutionGuid = {985C3107-FFC7-4501-AD24-91324DE9551D}
	EndGlobalSection
EndGlobal
