
Microsoft Visual Studio Solution File, Format Version 12.00
# Visual Studio Version 17
VisualStudioVersion = 17.13.35931.197 d17.13
MinimumVisualStudioVersion = 10.0.40219.1
Project("{FAE04EC0-301F-11D3-BF4B-00C04F79EFBC}") = "Esercizio125", "Esercizio125\Esercizio125.csproj", "{5EF2FFCE-16A4-4581-8573-7AC93FF79111}"
EndProject
Global
	GlobalSection(SolutionConfigurationPlatforms) = preSolution
		Debug|Any CPU = Debug|Any CPU
		Release|Any CPU = Release|Any CPU
	EndGlobalSection
	GlobalSection(ProjectConfigurationPlatforms) = postSolution
		{5EF2FFCE-16A4-4581-8573-7AC93FF79111}.Debug|Any CPU.ActiveCfg = Debug|Any CPU
		{5EF2FFCE-16A4-4581-8573-7AC93FF79111}.Debug|Any CPU.Build.0 = Debug|Any CPU
		{5EF2FFCE-16A4-4581-8573-7AC93FF79111}.Release|Any CPU.ActiveCfg = Release|Any CPU
		{5EF2FFCE-16A4-4581-8573-7AC93FF79111}.Release|Any CPU.Build.0 = Release|Any CPU
	EndGlobalSection
	GlobalSection(SolutionProperties) = preSolution
		HideSolutionNode = FALSE
	EndGlobalSection
	GlobalSection(ExtensibilityGlobals) = postSolution
		SolutionGuid = {B71EFA91-9752-4F98-9363-50719AD65E46}
	EndGlobalSection
EndGlobal
