
Microsoft Visual Studio Solution File, Format Version 12.00
# Visual Studio Version 17
VisualStudioVersion = 17.13.35931.197 d17.13
MinimumVisualStudioVersion = 10.0.40219.1
Project("{FAE04EC0-301F-11D3-BF4B-00C04F79EFBC}") = "Esercizio165", "Esercizio165\Esercizio165.csproj", "{9C21D5C6-1940-49C1-88B3-88DE12FEADFD}"
EndProject
Global
	GlobalSection(SolutionConfigurationPlatforms) = preSolution
		Debug|Any CPU = Debug|Any CPU
		Release|Any CPU = Release|Any CPU
	EndGlobalSection
	GlobalSection(ProjectConfigurationPlatforms) = postSolution
		{9C21D5C6-1940-49C1-88B3-88DE12FEADFD}.Debug|Any CPU.ActiveCfg = Debug|Any CPU
		{9C21D5C6-1940-49C1-88B3-88DE12FEADFD}.Debug|Any CPU.Build.0 = Debug|Any CPU
		{9C21D5C6-1940-49C1-88B3-88DE12FEADFD}.Release|Any CPU.ActiveCfg = Release|Any CPU
		{9C21D5C6-1940-49C1-88B3-88DE12FEADFD}.Release|Any CPU.Build.0 = Release|Any CPU
	EndGlobalSection
	GlobalSection(SolutionProperties) = preSolution
		HideSolutionNode = FALSE
	EndGlobalSection
	GlobalSection(ExtensibilityGlobals) = postSolution
		SolutionGuid = {2575791C-E233-4DA4-AF5A-749BAF475172}
	EndGlobalSection
EndGlobal
