
Microsoft Visual Studio Solution File, Format Version 12.00
# Visual Studio Version 17
VisualStudioVersion = 17.13.35931.197 d17.13
MinimumVisualStudioVersion = 10.0.40219.1
Project("{FAE04EC0-301F-11D3-BF4B-00C04F79EFBC}") = "Esercizio202", "Esercizio202\Esercizio202.csproj", "{399458B3-1EDE-4EA3-994B-437D758C4DFE}"
EndProject
Global
	GlobalSection(SolutionConfigurationPlatforms) = preSolution
		Debug|Any CPU = Debug|Any CPU
		Release|Any CPU = Release|Any CPU
	EndGlobalSection
	GlobalSection(ProjectConfigurationPlatforms) = postSolution
		{399458B3-1EDE-4EA3-994B-437D758C4DFE}.Debug|Any CPU.ActiveCfg = Debug|Any CPU
		{399458B3-1EDE-4EA3-994B-437D758C4DFE}.Debug|Any CPU.Build.0 = Debug|Any CPU
		{399458B3-1EDE-4EA3-994B-437D758C4DFE}.Release|Any CPU.ActiveCfg = Release|Any CPU
		{399458B3-1EDE-4EA3-994B-437D758C4DFE}.Release|Any CPU.Build.0 = Release|Any CPU
	EndGlobalSection
	GlobalSection(SolutionProperties) = preSolution
		HideSolutionNode = FALSE
	EndGlobalSection
	GlobalSection(ExtensibilityGlobals) = postSolution
		SolutionGuid = {4EFC8891-636F-4DA4-A1D9-DCC5E66B9798}
	EndGlobalSection
EndGlobal
