
Microsoft Visual Studio Solution File, Format Version 12.00
# Visual Studio Version 17
VisualStudioVersion = 17.13.35931.197 d17.13
MinimumVisualStudioVersion = 10.0.40219.1
Project("{FAE04EC0-301F-11D3-BF4B-00C04F79EFBC}") = "Esercizio219", "Esercizio219\Esercizio219.csproj", "{253BF27E-5870-46C7-9502-4CCC5B138C76}"
EndProject
Global
	GlobalSection(SolutionConfigurationPlatforms) = preSolution
		Debug|Any CPU = Debug|Any CPU
		Release|Any CPU = Release|Any CPU
	EndGlobalSection
	GlobalSection(ProjectConfigurationPlatforms) = postSolution
		{253BF27E-5870-46C7-9502-4CCC5B138C76}.Debug|Any CPU.ActiveCfg = Debug|Any CPU
		{253BF27E-5870-46C7-9502-4CCC5B138C76}.Debug|Any CPU.Build.0 = Debug|Any CPU
		{253BF27E-5870-46C7-9502-4CCC5B138C76}.Release|Any CPU.ActiveCfg = Release|Any CPU
		{253BF27E-5870-46C7-9502-4CCC5B138C76}.Release|Any CPU.Build.0 = Release|Any CPU
	EndGlobalSection
	GlobalSection(SolutionProperties) = preSolution
		HideSolutionNode = FALSE
	EndGlobalSection
	GlobalSection(ExtensibilityGlobals) = postSolution
		SolutionGuid = {7E54503D-EA36-4C85-86A3-2CEF7A7D58A8}
	EndGlobalSection
EndGlobal
