
Microsoft Visual Studio Solution File, Format Version 12.00
# Visual Studio Version 17
VisualStudioVersion = 17.13.35931.197 d17.13
MinimumVisualStudioVersion = 10.0.40219.1
Project("{FAE04EC0-301F-11D3-BF4B-00C04F79EFBC}") = "Esercizio197", "Esercizio197\Esercizio197.csproj", "{669C041E-874C-4D5C-8DC3-936E9F25C1DB}"
EndProject
Global
	GlobalSection(SolutionConfigurationPlatforms) = preSolution
		Debug|Any CPU = Debug|Any CPU
		Release|Any CPU = Release|Any CPU
	EndGlobalSection
	GlobalSection(ProjectConfigurationPlatforms) = postSolution
		{669C041E-874C-4D5C-8DC3-936E9F25C1DB}.Debug|Any CPU.ActiveCfg = Debug|Any CPU
		{669C041E-874C-4D5C-8DC3-936E9F25C1DB}.Debug|Any CPU.Build.0 = Debug|Any CPU
		{669C041E-874C-4D5C-8DC3-936E9F25C1DB}.Release|Any CPU.ActiveCfg = Release|Any CPU
		{669C041E-874C-4D5C-8DC3-936E9F25C1DB}.Release|Any CPU.Build.0 = Release|Any CPU
	EndGlobalSection
	GlobalSection(SolutionProperties) = preSolution
		HideSolutionNode = FALSE
	EndGlobalSection
	GlobalSection(ExtensibilityGlobals) = postSolution
		SolutionGuid = {D9A3D281-5B62-4F66-BD8A-BC9FD869F9D2}
	EndGlobalSection
EndGlobal
