
Microsoft Visual Studio Solution File, Format Version 12.00
# Visual Studio Version 17
VisualStudioVersion = 17.13.35931.197 d17.13
MinimumVisualStudioVersion = 10.0.40219.1
Project("{FAE04EC0-301F-11D3-BF4B-00C04F79EFBC}") = "Esercizio55", "Esercizio55\Esercizio55.csproj", "{739EE22F-DA3D-41C5-9AAE-4A146D0E04EE}"
EndProject
Global
	GlobalSection(SolutionConfigurationPlatforms) = preSolution
		Debug|Any CPU = Debug|Any CPU
		Release|Any CPU = Release|Any CPU
	EndGlobalSection
	GlobalSection(ProjectConfigurationPlatforms) = postSolution
		{739EE22F-DA3D-41C5-9AAE-4A146D0E04EE}.Debug|Any CPU.ActiveCfg = Debug|Any CPU
		{739EE22F-DA3D-41C5-9AAE-4A146D0E04EE}.Debug|Any CPU.Build.0 = Debug|Any CPU
		{739EE22F-DA3D-41C5-9AAE-4A146D0E04EE}.Release|Any CPU.ActiveCfg = Release|Any CPU
		{739EE22F-DA3D-41C5-9AAE-4A146D0E04EE}.Release|Any CPU.Build.0 = Release|Any CPU
	EndGlobalSection
	GlobalSection(SolutionProperties) = preSolution
		HideSolutionNode = FALSE
	EndGlobalSection
	GlobalSection(ExtensibilityGlobals) = postSolution
		SolutionGuid = {74CB3326-DD5E-48C1-A8AC-E99835D50861}
	EndGlobalSection
EndGlobal
