
Microsoft Visual Studio Solution File, Format Version 12.00
# Visual Studio Version 17
VisualStudioVersion = 17.13.35931.197 d17.13
MinimumVisualStudioVersion = 10.0.40219.1
Project("{FAE04EC0-301F-11D3-BF4B-00C04F79EFBC}") = "Esercizio147", "Esercizio147\Esercizio147.csproj", "{203B7CC3-8BB9-4C21-87D5-704C1D965A67}"
EndProject
Global
	GlobalSection(SolutionConfigurationPlatforms) = preSolution
		Debug|Any CPU = Debug|Any CPU
		Release|Any CPU = Release|Any CPU
	EndGlobalSection
	GlobalSection(ProjectConfigurationPlatforms) = postSolution
		{203B7CC3-8BB9-4C21-87D5-704C1D965A67}.Debug|Any CPU.ActiveCfg = Debug|Any CPU
		{203B7CC3-8BB9-4C21-87D5-704C1D965A67}.Debug|Any CPU.Build.0 = Debug|Any CPU
		{203B7CC3-8BB9-4C21-87D5-704C1D965A67}.Release|Any CPU.ActiveCfg = Release|Any CPU
		{203B7CC3-8BB9-4C21-87D5-704C1D965A67}.Release|Any CPU.Build.0 = Release|Any CPU
	EndGlobalSection
	GlobalSection(SolutionProperties) = preSolution
		HideSolutionNode = FALSE
	EndGlobalSection
	GlobalSection(ExtensibilityGlobals) = postSolution
		SolutionGuid = {BD463022-DA8B-4EFD-9522-347BA1C13476}
	EndGlobalSection
EndGlobal
