
Microsoft Visual Studio Solution File, Format Version 12.00
# Visual Studio Version 17
VisualStudioVersion = 17.13.35931.197 d17.13
MinimumVisualStudioVersion = 10.0.40219.1
Project("{FAE04EC0-301F-11D3-BF4B-00C04F79EFBC}") = "Esercizio41", "Esercizio41\Esercizio41.csproj", "{FB219B86-B8F7-4A14-A4E5-7A92F6CA6DCC}"
EndProject
Global
	GlobalSection(SolutionConfigurationPlatforms) = preSolution
		Debug|Any CPU = Debug|Any CPU
		Release|Any CPU = Release|Any CPU
	EndGlobalSection
	GlobalSection(ProjectConfigurationPlatforms) = postSolution
		{FB219B86-B8F7-4A14-A4E5-7A92F6CA6DCC}.Debug|Any CPU.ActiveCfg = Debug|Any CPU
		{FB219B86-B8F7-4A14-A4E5-7A92F6CA6DCC}.Debug|Any CPU.Build.0 = Debug|Any CPU
		{FB219B86-B8F7-4A14-A4E5-7A92F6CA6DCC}.Release|Any CPU.ActiveCfg = Release|Any CPU
		{FB219B86-B8F7-4A14-A4E5-7A92F6CA6DCC}.Release|Any CPU.Build.0 = Release|Any CPU
	EndGlobalSection
	GlobalSection(SolutionProperties) = preSolution
		HideSolutionNode = FALSE
	EndGlobalSection
	GlobalSection(ExtensibilityGlobals) = postSolution
		SolutionGuid = {A41A9395-46EF-4A4B-8C75-C92B788B3732}
	EndGlobalSection
EndGlobal
