
Microsoft Visual Studio Solution File, Format Version 12.00
# Visual Studio Version 17
VisualStudioVersion = 17.13.35931.197 d17.13
MinimumVisualStudioVersion = 10.0.40219.1
Project("{FAE04EC0-301F-11D3-BF4B-00C04F79EFBC}") = "Esercizio170", "Esercizio170\Esercizio170.csproj", "{33BA1130-D556-46F3-9A34-BFB7A4683083}"
EndProject
Global
	GlobalSection(SolutionConfigurationPlatforms) = preSolution
		Debug|Any CPU = Debug|Any CPU
		Release|Any CPU = Release|Any CPU
	EndGlobalSection
	GlobalSection(ProjectConfigurationPlatforms) = postSolution
		{33BA1130-D556-46F3-9A34-BFB7A4683083}.Debug|Any CPU.ActiveCfg = Debug|Any CPU
		{33BA1130-D556-46F3-9A34-BFB7A4683083}.Debug|Any CPU.Build.0 = Debug|Any CPU
		{33BA1130-D556-46F3-9A34-BFB7A4683083}.Release|Any CPU.ActiveCfg = Release|Any CPU
		{33BA1130-D556-46F3-9A34-BFB7A4683083}.Release|Any CPU.Build.0 = Release|Any CPU
	EndGlobalSection
	GlobalSection(SolutionProperties) = preSolution
		HideSolutionNode = FALSE
	EndGlobalSection
	GlobalSection(ExtensibilityGlobals) = postSolution
		SolutionGuid = {966AC9AC-34BA-4CBD-905E-12C7F1000818}
	EndGlobalSection
EndGlobal
