
Microsoft Visual Studio Solution File, Format Version 12.00
# Visual Studio Version 17
VisualStudioVersion = 17.13.35931.197 d17.13
MinimumVisualStudioVersion = 10.0.40219.1
Project("{FAE04EC0-301F-11D3-BF4B-00C04F79EFBC}") = "Esercizio226", "Esercizio226\Esercizio226.csproj", "{D755B09E-1AF6-403E-BA1F-A3F66B3C136B}"
EndProject
Global
	GlobalSection(SolutionConfigurationPlatforms) = preSolution
		Debug|Any CPU = Debug|Any CPU
		Release|Any CPU = Release|Any CPU
	EndGlobalSection
	GlobalSection(ProjectConfigurationPlatforms) = postSolution
		{D755B09E-1AF6-403E-BA1F-A3F66B3C136B}.Debug|Any CPU.ActiveCfg = Debug|Any CPU
		{D755B09E-1AF6-403E-BA1F-A3F66B3C136B}.Debug|Any CPU.Build.0 = Debug|Any CPU
		{D755B09E-1AF6-403E-BA1F-A3F66B3C136B}.Release|Any CPU.ActiveCfg = Release|Any CPU
		{D755B09E-1AF6-403E-BA1F-A3F66B3C136B}.Release|Any CPU.Build.0 = Release|Any CPU
	EndGlobalSection
	GlobalSection(SolutionProperties) = preSolution
		HideSolutionNode = FALSE
	EndGlobalSection
	GlobalSection(ExtensibilityGlobals) = postSolution
		SolutionGuid = {1DC46B7C-780B-4DB2-A06B-10D685861BEE}
	EndGlobalSection
EndGlobal
