
Microsoft Visual Studio Solution File, Format Version 12.00
# Visual Studio Version 17
VisualStudioVersion = 17.13.35919.96 d17.13
MinimumVisualStudioVersion = 10.0.40219.1
Project("{FAE04EC0-301F-11D3-BF4B-00C04F79EFBC}") = "Esercizio2", "Esercizio2\Esercizio2.csproj", "{77D335CC-1AC6-47EF-BC68-40CE1FBBB963}"
EndProject
Global
	GlobalSection(SolutionConfigurationPlatforms) = preSolution
		Debug|Any CPU = Debug|Any CPU
		Release|Any CPU = Release|Any CPU
	EndGlobalSection
	GlobalSection(ProjectConfigurationPlatforms) = postSolution
		{77D335CC-1AC6-47EF-BC68-40CE1FBBB963}.Debug|Any CPU.ActiveCfg = Debug|Any CPU
		{77D335CC-1AC6-47EF-BC68-40CE1FBBB963}.Debug|Any CPU.Build.0 = Debug|Any CPU
		{77D335CC-1AC6-47EF-BC68-40CE1FBBB963}.Release|Any CPU.ActiveCfg = Release|Any CPU
		{77D335CC-1AC6-47EF-BC68-40CE1FBBB963}.Release|Any CPU.Build.0 = Release|Any CPU
	EndGlobalSection
	GlobalSection(SolutionProperties) = preSolution
		HideSolutionNode = FALSE
	EndGlobalSection
	GlobalSection(ExtensibilityGlobals) = postSolution
		SolutionGuid = {A144AF1F-71C0-48B6-B89E-FCF91770E32B}
	EndGlobalSection
EndGlobal
