
Microsoft Visual Studio Solution File, Format Version 12.00
# Visual Studio Version 17
VisualStudioVersion = 17.13.35931.197 d17.13
MinimumVisualStudioVersion = 10.0.40219.1
Project("{FAE04EC0-301F-11D3-BF4B-00C04F79EFBC}") = "Esercizio159", "Esercizio159\Esercizio159.csproj", "{698965FF-EF59-4A67-945A-15D369687931}"
EndProject
Global
	GlobalSection(SolutionConfigurationPlatforms) = preSolution
		Debug|Any CPU = Debug|Any CPU
		Release|Any CPU = Release|Any CPU
	EndGlobalSection
	GlobalSection(ProjectConfigurationPlatforms) = postSolution
		{698965FF-EF59-4A67-945A-15D369687931}.Debug|Any CPU.ActiveCfg = Debug|Any CPU
		{698965FF-EF59-4A67-945A-15D369687931}.Debug|Any CPU.Build.0 = Debug|Any CPU
		{698965FF-EF59-4A67-945A-15D369687931}.Release|Any CPU.ActiveCfg = Release|Any CPU
		{698965FF-EF59-4A67-945A-15D369687931}.Release|Any CPU.Build.0 = Release|Any CPU
	EndGlobalSection
	GlobalSection(SolutionProperties) = preSolution
		HideSolutionNode = FALSE
	EndGlobalSection
	GlobalSection(ExtensibilityGlobals) = postSolution
		SolutionGuid = {76CCCA96-CAD3-483F-8ECE-C2E9D985F2B8}
	EndGlobalSection
EndGlobal
