
Microsoft Visual Studio Solution File, Format Version 12.00
# Visual Studio Version 17
VisualStudioVersion = 17.13.35931.197 d17.13
MinimumVisualStudioVersion = 10.0.40219.1
Project("{FAE04EC0-301F-11D3-BF4B-00C04F79EFBC}") = "Esercizio185", "Esercizio185\Esercizio185.csproj", "{8C3F0995-2A89-4683-A7B1-EC244351696B}"
EndProject
Global
	GlobalSection(SolutionConfigurationPlatforms) = preSolution
		Debug|Any CPU = Debug|Any CPU
		Release|Any CPU = Release|Any CPU
	EndGlobalSection
	GlobalSection(ProjectConfigurationPlatforms) = postSolution
		{8C3F0995-2A89-4683-A7B1-EC244351696B}.Debug|Any CPU.ActiveCfg = Debug|Any CPU
		{8C3F0995-2A89-4683-A7B1-EC244351696B}.Debug|Any CPU.Build.0 = Debug|Any CPU
		{8C3F0995-2A89-4683-A7B1-EC244351696B}.Release|Any CPU.ActiveCfg = Release|Any CPU
		{8C3F0995-2A89-4683-A7B1-EC244351696B}.Release|Any CPU.Build.0 = Release|Any CPU
	EndGlobalSection
	GlobalSection(SolutionProperties) = preSolution
		HideSolutionNode = FALSE
	EndGlobalSection
	GlobalSection(ExtensibilityGlobals) = postSolution
		SolutionGuid = {EC113FCB-8572-439D-91F9-43AFF95909DD}
	EndGlobalSection
EndGlobal
