
Microsoft Visual Studio Solution File, Format Version 12.00
# Visual Studio Version 17
VisualStudioVersion = 17.13.35931.197 d17.13
MinimumVisualStudioVersion = 10.0.40219.1
Project("{FAE04EC0-301F-11D3-BF4B-00C04F79EFBC}") = "Esercizio68", "Esercizio68\Esercizio68.csproj", "{217F33ED-10A0-4C82-8EBC-9B69B3C469FE}"
EndProject
Global
	GlobalSection(SolutionConfigurationPlatforms) = preSolution
		Debug|Any CPU = Debug|Any CPU
		Release|Any CPU = Release|Any CPU
	EndGlobalSection
	GlobalSection(ProjectConfigurationPlatforms) = postSolution
		{217F33ED-10A0-4C82-8EBC-9B69B3C469FE}.Debug|Any CPU.ActiveCfg = Debug|Any CPU
		{217F33ED-10A0-4C82-8EBC-9B69B3C469FE}.Debug|Any CPU.Build.0 = Debug|Any CPU
		{217F33ED-10A0-4C82-8EBC-9B69B3C469FE}.Release|Any CPU.ActiveCfg = Release|Any CPU
		{217F33ED-10A0-4C82-8EBC-9B69B3C469FE}.Release|Any CPU.Build.0 = Release|Any CPU
	EndGlobalSection
	GlobalSection(SolutionProperties) = preSolution
		HideSolutionNode = FALSE
	EndGlobalSection
	GlobalSection(ExtensibilityGlobals) = postSolution
		SolutionGuid = {A14590B4-32DC-495B-BB51-863B16ABB444}
	EndGlobalSection
EndGlobal
