
Microsoft Visual Studio Solution File, Format Version 12.00
# Visual Studio Version 17
VisualStudioVersion = 17.13.35931.197 d17.13
MinimumVisualStudioVersion = 10.0.40219.1
Project("{FAE04EC0-301F-11D3-BF4B-00C04F79EFBC}") = "ClassiAstratte", "ClassiAstratte\ClassiAstratte.csproj", "{44BB2EED-00E7-4CC0-A347-1BD672FE025E}"
EndProject
Global
	GlobalSection(SolutionConfigurationPlatforms) = preSolution
		Debug|Any CPU = Debug|Any CPU
		Release|Any CPU = Release|Any CPU
	EndGlobalSection
	GlobalSection(ProjectConfigurationPlatforms) = postSolution
		{44BB2EED-00E7-4CC0-A347-1BD672FE025E}.Debug|Any CPU.ActiveCfg = Debug|Any CPU
		{44BB2EED-00E7-4CC0-A347-1BD672FE025E}.Debug|Any CPU.Build.0 = Debug|Any CPU
		{44BB2EED-00E7-4CC0-A347-1BD672FE025E}.Release|Any CPU.ActiveCfg = Release|Any CPU
		{44BB2EED-00E7-4CC0-A347-1BD672FE025E}.Release|Any CPU.Build.0 = Release|Any CPU
	EndGlobalSection
	GlobalSection(SolutionProperties) = preSolution
		HideSolutionNode = FALSE
	EndGlobalSection
	GlobalSection(ExtensibilityGlobals) = postSolution
		SolutionGuid = {3178E214-785B-41EC-BD6A-F751D9FF505A}
	EndGlobalSection
EndGlobal
