
Microsoft Visual Studio Solution File, Format Version 12.00
# Visual Studio Version 17
VisualStudioVersion = 17.13.35931.197 d17.13
MinimumVisualStudioVersion = 10.0.40219.1
Project("{FAE04EC0-301F-11D3-BF4B-00C04F79EFBC}") = "Esercizio77", "Esercizio77\Esercizio77.csproj", "{2C2D02D5-ACDF-4A38-AFDD-D0B19B61D1EC}"
EndProject
Global
	GlobalSection(SolutionConfigurationPlatforms) = preSolution
		Debug|Any CPU = Debug|Any CPU
		Release|Any CPU = Release|Any CPU
	EndGlobalSection
	GlobalSection(ProjectConfigurationPlatforms) = postSolution
		{2C2D02D5-ACDF-4A38-AFDD-D0B19B61D1EC}.Debug|Any CPU.ActiveCfg = Debug|Any CPU
		{2C2D02D5-ACDF-4A38-AFDD-D0B19B61D1EC}.Debug|Any CPU.Build.0 = Debug|Any CPU
		{2C2D02D5-ACDF-4A38-AFDD-D0B19B61D1EC}.Release|Any CPU.ActiveCfg = Release|Any CPU
		{2C2D02D5-ACDF-4A38-AFDD-D0B19B61D1EC}.Release|Any CPU.Build.0 = Release|Any CPU
	EndGlobalSection
	GlobalSection(SolutionProperties) = preSolution
		HideSolutionNode = FALSE
	EndGlobalSection
	GlobalSection(ExtensibilityGlobals) = postSolution
		SolutionGuid = {52755187-8ACF-43A4-B994-326A9D863F85}
	EndGlobalSection
EndGlobal
