
Microsoft Visual Studio Solution File, Format Version 12.00
# Visual Studio Version 17
VisualStudioVersion = 17.13.35931.197 d17.13
MinimumVisualStudioVersion = 10.0.40219.1
Project("{FAE04EC0-301F-11D3-BF4B-00C04F79EFBC}") = "Esercizio67", "Esercizio67\Esercizio67.csproj", "{08B44A1A-5DB9-48B8-8594-940150D4FC5B}"
EndProject
Global
	GlobalSection(SolutionConfigurationPlatforms) = preSolution
		Debug|Any CPU = Debug|Any CPU
		Release|Any CPU = Release|Any CPU
	EndGlobalSection
	GlobalSection(ProjectConfigurationPlatforms) = postSolution
		{08B44A1A-5DB9-48B8-8594-940150D4FC5B}.Debug|Any CPU.ActiveCfg = Debug|Any CPU
		{08B44A1A-5DB9-48B8-8594-940150D4FC5B}.Debug|Any CPU.Build.0 = Debug|Any CPU
		{08B44A1A-5DB9-48B8-8594-940150D4FC5B}.Release|Any CPU.ActiveCfg = Release|Any CPU
		{08B44A1A-5DB9-48B8-8594-940150D4FC5B}.Release|Any CPU.Build.0 = Release|Any CPU
	EndGlobalSection
	GlobalSection(SolutionProperties) = preSolution
		HideSolutionNode = FALSE
	EndGlobalSection
	GlobalSection(ExtensibilityGlobals) = postSolution
		SolutionGuid = {DDCFCC9E-D67E-4260-A42E-DF80C5F3797F}
	EndGlobalSection
EndGlobal
