
Microsoft Visual Studio Solution File, Format Version 12.00
# Visual Studio Version 17
VisualStudioVersion = 17.13.35931.197 d17.13
MinimumVisualStudioVersion = 10.0.40219.1
Project("{FAE04EC0-301F-11D3-BF4B-00C04F79EFBC}") = "Esercizio155", "Esercizio155\Esercizio155.csproj", "{2954A650-75CF-4352-8BD0-7E3C9A236280}"
EndProject
Global
	GlobalSection(SolutionConfigurationPlatforms) = preSolution
		Debug|Any CPU = Debug|Any CPU
		Release|Any CPU = Release|Any CPU
	EndGlobalSection
	GlobalSection(ProjectConfigurationPlatforms) = postSolution
		{2954A650-75CF-4352-8BD0-7E3C9A236280}.Debug|Any CPU.ActiveCfg = Debug|Any CPU
		{2954A650-75CF-4352-8BD0-7E3C9A236280}.Debug|Any CPU.Build.0 = Debug|Any CPU
		{2954A650-75CF-4352-8BD0-7E3C9A236280}.Release|Any CPU.ActiveCfg = Release|Any CPU
		{2954A650-75CF-4352-8BD0-7E3C9A236280}.Release|Any CPU.Build.0 = Release|Any CPU
	EndGlobalSection
	GlobalSection(SolutionProperties) = preSolution
		HideSolutionNode = FALSE
	EndGlobalSection
	GlobalSection(ExtensibilityGlobals) = postSolution
		SolutionGuid = {0A782398-E5FB-4EE5-ACB6-2646294E4D45}
	EndGlobalSection
EndGlobal
