
Microsoft Visual Studio Solution File, Format Version 12.00
# Visual Studio Version 17
VisualStudioVersion = 17.13.35931.197 d17.13
MinimumVisualStudioVersion = 10.0.40219.1
Project("{FAE04EC0-301F-11D3-BF4B-00C04F79EFBC}") = "Esercizio81", "Esercizio81\Esercizio81.csproj", "{196A9966-E2E9-4280-8968-C732C38DEAFD}"
EndProject
Global
	GlobalSection(SolutionConfigurationPlatforms) = preSolution
		Debug|Any CPU = Debug|Any CPU
		Release|Any CPU = Release|Any CPU
	EndGlobalSection
	GlobalSection(ProjectConfigurationPlatforms) = postSolution
		{196A9966-E2E9-4280-8968-C732C38DEAFD}.Debug|Any CPU.ActiveCfg = Debug|Any CPU
		{196A9966-E2E9-4280-8968-C732C38DEAFD}.Debug|Any CPU.Build.0 = Debug|Any CPU
		{196A9966-E2E9-4280-8968-C732C38DEAFD}.Release|Any CPU.ActiveCfg = Release|Any CPU
		{196A9966-E2E9-4280-8968-C732C38DEAFD}.Release|Any CPU.Build.0 = Release|Any CPU
	EndGlobalSection
	GlobalSection(SolutionProperties) = preSolution
		HideSolutionNode = FALSE
	EndGlobalSection
	GlobalSection(ExtensibilityGlobals) = postSolution
		SolutionGuid = {257ADEE7-1030-4BB3-93F5-A6BA81D68829}
	EndGlobalSection
EndGlobal
