
Microsoft Visual Studio Solution File, Format Version 12.00
# Visual Studio Version 17
VisualStudioVersion = 17.13.35931.197 d17.13
MinimumVisualStudioVersion = 10.0.40219.1
Project("{FAE04EC0-301F-11D3-BF4B-00C04F79EFBC}") = "ArrayMultidimensionali", "ArrayMultidimensionali\ArrayMultidimensionali.csproj", "{F2BD8892-85EF-45F3-B54E-B11E680BF55B}"
EndProject
Project("{2150E333-8FDC-42A3-9474-1A3956D46DE8}") = "Solution Items", "Solution Items", "{6C83A596-D32D-B35F-00DD-F0C99B673980}"
	ProjectSection(SolutionItems) = preProject
		.editorconfig = .editorconfig
	EndProjectSection
EndProject
Global
	GlobalSection(SolutionConfigurationPlatforms) = preSolution
		Debug|Any CPU = Debug|Any CPU
		Release|Any CPU = Release|Any CPU
	EndGlobalSection
	GlobalSection(ProjectConfigurationPlatforms) = postSolution
		{F2BD8892-85EF-45F3-B54E-B11E680BF55B}.Debug|Any CPU.ActiveCfg = Debug|Any CPU
		{F2BD8892-85EF-45F3-B54E-B11E680BF55B}.Debug|Any CPU.Build.0 = Debug|Any CPU
		{F2BD8892-85EF-45F3-B54E-B11E680BF55B}.Release|Any CPU.ActiveCfg = Release|Any CPU
		{F2BD8892-85EF-45F3-B54E-B11E680BF55B}.Release|Any CPU.Build.0 = Release|Any CPU
	EndGlobalSection
	GlobalSection(SolutionProperties) = preSolution
		HideSolutionNode = FALSE
	EndGlobalSection
	GlobalSection(ExtensibilityGlobals) = postSolution
		SolutionGuid = {8E5E3A40-4D59-48D6-B3C6-C27C212209DB}
	EndGlobalSection
EndGlobal
