
Microsoft Visual Studio Solution File, Format Version 12.00
# Visual Studio Version 17
VisualStudioVersion = 17.13.35931.197 d17.13
MinimumVisualStudioVersion = 10.0.40219.1
Project("{FAE04EC0-301F-11D3-BF4B-00C04F79EFBC}") = "Esercizio46", "Esercizio46\Esercizio46.csproj", "{C575B8F8-BFDB-4CC6-A118-A28D3719CF8D}"
EndProject
Global
	GlobalSection(SolutionConfigurationPlatforms) = preSolution
		Debug|Any CPU = Debug|Any CPU
		Release|Any CPU = Release|Any CPU
	EndGlobalSection
	GlobalSection(ProjectConfigurationPlatforms) = postSolution
		{C575B8F8-BFDB-4CC6-A118-A28D3719CF8D}.Debug|Any CPU.ActiveCfg = Debug|Any CPU
		{C575B8F8-BFDB-4CC6-A118-A28D3719CF8D}.Debug|Any CPU.Build.0 = Debug|Any CPU
		{C575B8F8-BFDB-4CC6-A118-A28D3719CF8D}.Release|Any CPU.ActiveCfg = Release|Any CPU
		{C575B8F8-BFDB-4CC6-A118-A28D3719CF8D}.Release|Any CPU.Build.0 = Release|Any CPU
	EndGlobalSection
	GlobalSection(SolutionProperties) = preSolution
		HideSolutionNode = FALSE
	EndGlobalSection
	GlobalSection(ExtensibilityGlobals) = postSolution
		SolutionGuid = {8FD0BCDF-154F-444B-AC1D-A46AEC33F569}
	EndGlobalSection
EndGlobal
