
Microsoft Visual Studio Solution File, Format Version 12.00
# Visual Studio Version 17
VisualStudioVersion = 17.13.35931.197 d17.13
MinimumVisualStudioVersion = 10.0.40219.1
Project("{FAE04EC0-301F-11D3-BF4B-00C04F79EFBC}") = "Esercizio220", "Esercizio220\Esercizio220.csproj", "{2E6D8BA6-5CB4-47D0-9F5A-4F7BE10FD18A}"
EndProject
Global
	GlobalSection(SolutionConfigurationPlatforms) = preSolution
		Debug|Any CPU = Debug|Any CPU
		Release|Any CPU = Release|Any CPU
	EndGlobalSection
	GlobalSection(ProjectConfigurationPlatforms) = postSolution
		{2E6D8BA6-5CB4-47D0-9F5A-4F7BE10FD18A}.Debug|Any CPU.ActiveCfg = Debug|Any CPU
		{2E6D8BA6-5CB4-47D0-9F5A-4F7BE10FD18A}.Debug|Any CPU.Build.0 = Debug|Any CPU
		{2E6D8BA6-5CB4-47D0-9F5A-4F7BE10FD18A}.Release|Any CPU.ActiveCfg = Release|Any CPU
		{2E6D8BA6-5CB4-47D0-9F5A-4F7BE10FD18A}.Release|Any CPU.Build.0 = Release|Any CPU
	EndGlobalSection
	GlobalSection(SolutionProperties) = preSolution
		HideSolutionNode = FALSE
	EndGlobalSection
	GlobalSection(ExtensibilityGlobals) = postSolution
		SolutionGuid = {376AFD61-FB44-4C18-BB78-6FAD3C192537}
	EndGlobalSection
EndGlobal
