
Microsoft Visual Studio Solution File, Format Version 12.00
# Visual Studio Version 17
VisualStudioVersion = 17.13.35931.197 d17.13
MinimumVisualStudioVersion = 10.0.40219.1
Project("{FAE04EC0-301F-11D3-BF4B-00C04F79EFBC}") = "Esercizio106", "Esercizio106\Esercizio106.csproj", "{4F5D3AC6-91B2-4CCE-BD67-A04552809C2F}"
EndProject
Global
	GlobalSection(SolutionConfigurationPlatforms) = preSolution
		Debug|Any CPU = Debug|Any CPU
		Release|Any CPU = Release|Any CPU
	EndGlobalSection
	GlobalSection(ProjectConfigurationPlatforms) = postSolution
		{4F5D3AC6-91B2-4CCE-BD67-A04552809C2F}.Debug|Any CPU.ActiveCfg = Debug|Any CPU
		{4F5D3AC6-91B2-4CCE-BD67-A04552809C2F}.Debug|Any CPU.Build.0 = Debug|Any CPU
		{4F5D3AC6-91B2-4CCE-BD67-A04552809C2F}.Release|Any CPU.ActiveCfg = Release|Any CPU
		{4F5D3AC6-91B2-4CCE-BD67-A04552809C2F}.Release|Any CPU.Build.0 = Release|Any CPU
	EndGlobalSection
	GlobalSection(SolutionProperties) = preSolution
		HideSolutionNode = FALSE
	EndGlobalSection
	GlobalSection(ExtensibilityGlobals) = postSolution
		SolutionGuid = {2939DBC3-06EE-4F8F-BF25-B5A0699C3286}
	EndGlobalSection
EndGlobal
