
Microsoft Visual Studio Solution File, Format Version 12.00
# Visual Studio Version 17
VisualStudioVersion = 17.13.35931.197 d17.13
MinimumVisualStudioVersion = 10.0.40219.1
Project("{FAE04EC0-301F-11D3-BF4B-00C04F79EFBC}") = "Esercizio193", "Esercizio193\Esercizio193.csproj", "{2F765699-3093-4CE6-B3F2-A4D7D5390387}"
EndProject
Global
	GlobalSection(SolutionConfigurationPlatforms) = preSolution
		Debug|Any CPU = Debug|Any CPU
		Release|Any CPU = Release|Any CPU
	EndGlobalSection
	GlobalSection(ProjectConfigurationPlatforms) = postSolution
		{2F765699-3093-4CE6-B3F2-A4D7D5390387}.Debug|Any CPU.ActiveCfg = Debug|Any CPU
		{2F765699-3093-4CE6-B3F2-A4D7D5390387}.Debug|Any CPU.Build.0 = Debug|Any CPU
		{2F765699-3093-4CE6-B3F2-A4D7D5390387}.Release|Any CPU.ActiveCfg = Release|Any CPU
		{2F765699-3093-4CE6-B3F2-A4D7D5390387}.Release|Any CPU.Build.0 = Release|Any CPU
	EndGlobalSection
	GlobalSection(SolutionProperties) = preSolution
		HideSolutionNode = FALSE
	EndGlobalSection
	GlobalSection(ExtensibilityGlobals) = postSolution
		SolutionGuid = {73218C77-F18B-409F-A3FE-559C35B72E5D}
	EndGlobalSection
EndGlobal
