
Microsoft Visual Studio Solution File, Format Version 12.00
# Visual Studio Version 17
VisualStudioVersion = 17.13.35931.197 d17.13
MinimumVisualStudioVersion = 10.0.40219.1
Project("{FAE04EC0-301F-11D3-BF4B-00C04F79EFBC}") = "Esercizio86", "Esercizio86\Esercizio86.csproj", "{02B62E58-9DF7-4538-9777-CB10A32AF6C9}"
EndProject
Global
	GlobalSection(SolutionConfigurationPlatforms) = preSolution
		Debug|Any CPU = Debug|Any CPU
		Release|Any CPU = Release|Any CPU
	EndGlobalSection
	GlobalSection(ProjectConfigurationPlatforms) = postSolution
		{02B62E58-9DF7-4538-9777-CB10A32AF6C9}.Debug|Any CPU.ActiveCfg = Debug|Any CPU
		{02B62E58-9DF7-4538-9777-CB10A32AF6C9}.Debug|Any CPU.Build.0 = Debug|Any CPU
		{02B62E58-9DF7-4538-9777-CB10A32AF6C9}.Release|Any CPU.ActiveCfg = Release|Any CPU
		{02B62E58-9DF7-4538-9777-CB10A32AF6C9}.Release|Any CPU.Build.0 = Release|Any CPU
	EndGlobalSection
	GlobalSection(SolutionProperties) = preSolution
		HideSolutionNode = FALSE
	EndGlobalSection
	GlobalSection(ExtensibilityGlobals) = postSolution
		SolutionGuid = {36A996BF-E217-4B78-83AA-24CC4B469FE4}
	EndGlobalSection
EndGlobal
