
Microsoft Visual Studio Solution File, Format Version 12.00
# Visual Studio Version 17
VisualStudioVersion = 17.13.35919.96 d17.13
MinimumVisualStudioVersion = 10.0.40219.1
Project("{FAE04EC0-301F-11D3-BF4B-00C04F79EFBC}") = "CorsoCSharp", "CorsoCSharp\CorsoCSharp.csproj", "{48019CCB-D0A0-4447-88EE-3D81765F76BC}"
EndProject
Global
	GlobalSection(SolutionConfigurationPlatforms) = preSolution
		Debug|Any CPU = Debug|Any CPU
		Release|Any CPU = Release|Any CPU
	EndGlobalSection
	GlobalSection(ProjectConfigurationPlatforms) = postSolution
		{48019CCB-D0A0-4447-88EE-3D81765F76BC}.Debug|Any CPU.ActiveCfg = Debug|Any CPU
		{48019CCB-D0A0-4447-88EE-3D81765F76BC}.Debug|Any CPU.Build.0 = Debug|Any CPU
		{48019CCB-D0A0-4447-88EE-3D81765F76BC}.Release|Any CPU.ActiveCfg = Release|Any CPU
		{48019CCB-D0A0-4447-88EE-3D81765F76BC}.Release|Any CPU.Build.0 = Release|Any CPU
	EndGlobalSection
	GlobalSection(SolutionProperties) = preSolution
		HideSolutionNode = FALSE
	EndGlobalSection
	GlobalSection(ExtensibilityGlobals) = postSolution
		SolutionGuid = {DF255FDA-6021-4DF2-B100-962D62DFA10B}
	EndGlobalSection
EndGlobal
