
Microsoft Visual Studio Solution File, Format Version 12.00
# Visual Studio Version 17
VisualStudioVersion = 17.13.35931.197 d17.13
MinimumVisualStudioVersion = 10.0.40219.1
Project("{FAE04EC0-301F-11D3-BF4B-00C04F79EFBC}") = "Esercizio195", "Esercizio195\Esercizio195.csproj", "{0119E83C-50FA-4847-9F6C-E8DADD9DAD0C}"
EndProject
Global
	GlobalSection(SolutionConfigurationPlatforms) = preSolution
		Debug|Any CPU = Debug|Any CPU
		Release|Any CPU = Release|Any CPU
	EndGlobalSection
	GlobalSection(ProjectConfigurationPlatforms) = postSolution
		{0119E83C-50FA-4847-9F6C-E8DADD9DAD0C}.Debug|Any CPU.ActiveCfg = Debug|Any CPU
		{0119E83C-50FA-4847-9F6C-E8DADD9DAD0C}.Debug|Any CPU.Build.0 = Debug|Any CPU
		{0119E83C-50FA-4847-9F6C-E8DADD9DAD0C}.Release|Any CPU.ActiveCfg = Release|Any CPU
		{0119E83C-50FA-4847-9F6C-E8DADD9DAD0C}.Release|Any CPU.Build.0 = Release|Any CPU
	EndGlobalSection
	GlobalSection(SolutionProperties) = preSolution
		HideSolutionNode = FALSE
	EndGlobalSection
	GlobalSection(ExtensibilityGlobals) = postSolution
		SolutionGuid = {D1C2F7EC-075F-4ABE-BD50-2F9D2F762A3F}
	EndGlobalSection
EndGlobal
