
Microsoft Visual Studio Solution File, Format Version 12.00
# Visual Studio Version 17
VisualStudioVersion = 17.13.35931.197 d17.13
MinimumVisualStudioVersion = 10.0.40219.1
Project("{FAE04EC0-301F-11D3-BF4B-00C04F79EFBC}") = "Esercizio194", "Esercizio194\Esercizio194.csproj", "{CEB27F5D-8F56-47BF-91B1-5AEF7ECABB74}"
EndProject
Global
	GlobalSection(SolutionConfigurationPlatforms) = preSolution
		Debug|Any CPU = Debug|Any CPU
		Release|Any CPU = Release|Any CPU
	EndGlobalSection
	GlobalSection(ProjectConfigurationPlatforms) = postSolution
		{CEB27F5D-8F56-47BF-91B1-5AEF7ECABB74}.Debug|Any CPU.ActiveCfg = Debug|Any CPU
		{CEB27F5D-8F56-47BF-91B1-5AEF7ECABB74}.Debug|Any CPU.Build.0 = Debug|Any CPU
		{CEB27F5D-8F56-47BF-91B1-5AEF7ECABB74}.Release|Any CPU.ActiveCfg = Release|Any CPU
		{CEB27F5D-8F56-47BF-91B1-5AEF7ECABB74}.Release|Any CPU.Build.0 = Release|Any CPU
	EndGlobalSection
	GlobalSection(SolutionProperties) = preSolution
		HideSolutionNode = FALSE
	EndGlobalSection
	GlobalSection(ExtensibilityGlobals) = postSolution
		SolutionGuid = {4C95CC74-A43B-4BEE-A2C1-CA53E4C6D789}
	EndGlobalSection
EndGlobal
