
Microsoft Visual Studio Solution File, Format Version 12.00
# Visual Studio Version 17
VisualStudioVersion = 17.13.35931.197 d17.13
MinimumVisualStudioVersion = 10.0.40219.1
Project("{FAE04EC0-301F-11D3-BF4B-00C04F79EFBC}") = "IFELSE", "IFELSE\IFELSE.csproj", "{2B18411F-B558-46DF-9EA6-B72F0D34390D}"
EndProject
Global
	GlobalSection(SolutionConfigurationPlatforms) = preSolution
		Debug|Any CPU = Debug|Any CPU
		Release|Any CPU = Release|Any CPU
	EndGlobalSection
	GlobalSection(ProjectConfigurationPlatforms) = postSolution
		{2B18411F-B558-46DF-9EA6-B72F0D34390D}.Debug|Any CPU.ActiveCfg = Debug|Any CPU
		{2B18411F-B558-46DF-9EA6-B72F0D34390D}.Debug|Any CPU.Build.0 = Debug|Any CPU
		{2B18411F-B558-46DF-9EA6-B72F0D34390D}.Release|Any CPU.ActiveCfg = Release|Any CPU
		{2B18411F-B558-46DF-9EA6-B72F0D34390D}.Release|Any CPU.Build.0 = Release|Any CPU
	EndGlobalSection
	GlobalSection(SolutionProperties) = preSolution
		HideSolutionNode = FALSE
	EndGlobalSection
	GlobalSection(ExtensibilityGlobals) = postSolution
		SolutionGuid = {E09AB96D-3088-48BC-AE03-06843E58DD31}
	EndGlobalSection
EndGlobal
