
Microsoft Visual Studio Solution File, Format Version 12.00
# Visual Studio Version 17
VisualStudioVersion = 17.13.35931.197 d17.13
MinimumVisualStudioVersion = 10.0.40219.1
Project("{FAE04EC0-301F-11D3-BF4B-00C04F79EFBC}") = "Esercizio136", "Esercizio136\Esercizio136.csproj", "{11FC44B2-28A0-4479-A888-D78A8CB2A7CA}"
EndProject
Global
	GlobalSection(SolutionConfigurationPlatforms) = preSolution
		Debug|Any CPU = Debug|Any CPU
		Release|Any CPU = Release|Any CPU
	EndGlobalSection
	GlobalSection(ProjectConfigurationPlatforms) = postSolution
		{11FC44B2-28A0-4479-A888-D78A8CB2A7CA}.Debug|Any CPU.ActiveCfg = Debug|Any CPU
		{11FC44B2-28A0-4479-A888-D78A8CB2A7CA}.Debug|Any CPU.Build.0 = Debug|Any CPU
		{11FC44B2-28A0-4479-A888-D78A8CB2A7CA}.Release|Any CPU.ActiveCfg = Release|Any CPU
		{11FC44B2-28A0-4479-A888-D78A8CB2A7CA}.Release|Any CPU.Build.0 = Release|Any CPU
	EndGlobalSection
	GlobalSection(SolutionProperties) = preSolution
		HideSolutionNode = FALSE
	EndGlobalSection
	GlobalSection(ExtensibilityGlobals) = postSolution
		SolutionGuid = {1DD503FB-01CF-40FC-8114-0D012AAC58D3}
	EndGlobalSection
EndGlobal
