
Microsoft Visual Studio Solution File, Format Version 12.00
# Visual Studio Version 17
VisualStudioVersion = 17.13.35931.197 d17.13
MinimumVisualStudioVersion = 10.0.40219.1
Project("{FAE04EC0-301F-11D3-BF4B-00C04F79EFBC}") = "Esercizio216", "Esercizio216\Esercizio216.csproj", "{C247EF18-A538-4341-84B2-B9071F636CAE}"
EndProject
Global
	GlobalSection(SolutionConfigurationPlatforms) = preSolution
		Debug|Any CPU = Debug|Any CPU
		Release|Any CPU = Release|Any CPU
	EndGlobalSection
	GlobalSection(ProjectConfigurationPlatforms) = postSolution
		{C247EF18-A538-4341-84B2-B9071F636CAE}.Debug|Any CPU.ActiveCfg = Debug|Any CPU
		{C247EF18-A538-4341-84B2-B9071F636CAE}.Debug|Any CPU.Build.0 = Debug|Any CPU
		{C247EF18-A538-4341-84B2-B9071F636CAE}.Release|Any CPU.ActiveCfg = Release|Any CPU
		{C247EF18-A538-4341-84B2-B9071F636CAE}.Release|Any CPU.Build.0 = Release|Any CPU
	EndGlobalSection
	GlobalSection(SolutionProperties) = preSolution
		HideSolutionNode = FALSE
	EndGlobalSection
	GlobalSection(ExtensibilityGlobals) = postSolution
		SolutionGuid = {92C6F79E-597F-4FC4-8A0C-61F07B779E7E}
	EndGlobalSection
EndGlobal
