
Microsoft Visual Studio Solution File, Format Version 12.00
# Visual Studio Version 17
VisualStudioVersion = 17.13.35931.197 d17.13
MinimumVisualStudioVersion = 10.0.40219.1
Project("{FAE04EC0-301F-11D3-BF4B-00C04F79EFBC}") = "Esercizio196", "Esercizio196\Esercizio196.csproj", "{F70A8D5F-F399-4C02-8547-773BB419BA86}"
EndProject
Global
	GlobalSection(SolutionConfigurationPlatforms) = preSolution
		Debug|Any CPU = Debug|Any CPU
		Release|Any CPU = Release|Any CPU
	EndGlobalSection
	GlobalSection(ProjectConfigurationPlatforms) = postSolution
		{F70A8D5F-F399-4C02-8547-773BB419BA86}.Debug|Any CPU.ActiveCfg = Debug|Any CPU
		{F70A8D5F-F399-4C02-8547-773BB419BA86}.Debug|Any CPU.Build.0 = Debug|Any CPU
		{F70A8D5F-F399-4C02-8547-773BB419BA86}.Release|Any CPU.ActiveCfg = Release|Any CPU
		{F70A8D5F-F399-4C02-8547-773BB419BA86}.Release|Any CPU.Build.0 = Release|Any CPU
	EndGlobalSection
	GlobalSection(SolutionProperties) = preSolution
		HideSolutionNode = FALSE
	EndGlobalSection
	GlobalSection(ExtensibilityGlobals) = postSolution
		SolutionGuid = {EED2997F-FE3E-45A0-9CE3-A7A461430CD1}
	EndGlobalSection
EndGlobal
