
Microsoft Visual Studio Solution File, Format Version 12.00
# Visual Studio Version 17
VisualStudioVersion = 17.13.35931.197 d17.13
MinimumVisualStudioVersion = 10.0.40219.1
Project("{FAE04EC0-301F-11D3-BF4B-00C04F79EFBC}") = "Esercizio222", "Esercizio222\Esercizio222.csproj", "{AD0E4B66-5F39-47CA-830A-A133C7E34B0D}"
EndProject
Global
	GlobalSection(SolutionConfigurationPlatforms) = preSolution
		Debug|Any CPU = Debug|Any CPU
		Release|Any CPU = Release|Any CPU
	EndGlobalSection
	GlobalSection(ProjectConfigurationPlatforms) = postSolution
		{AD0E4B66-5F39-47CA-830A-A133C7E34B0D}.Debug|Any CPU.ActiveCfg = Debug|Any CPU
		{AD0E4B66-5F39-47CA-830A-A133C7E34B0D}.Debug|Any CPU.Build.0 = Debug|Any CPU
		{AD0E4B66-5F39-47CA-830A-A133C7E34B0D}.Release|Any CPU.ActiveCfg = Release|Any CPU
		{AD0E4B66-5F39-47CA-830A-A133C7E34B0D}.Release|Any CPU.Build.0 = Release|Any CPU
	EndGlobalSection
	GlobalSection(SolutionProperties) = preSolution
		HideSolutionNode = FALSE
	EndGlobalSection
	GlobalSection(ExtensibilityGlobals) = postSolution
		SolutionGuid = {E046768B-92DE-4EE0-A066-8C7E0F82670B}
	EndGlobalSection
EndGlobal
