
Microsoft Visual Studio Solution File, Format Version 12.00
# Visual Studio Version 17
VisualStudioVersion = 17.13.35931.197 d17.13
MinimumVisualStudioVersion = 10.0.40219.1
Project("{FAE04EC0-301F-11D3-BF4B-00C04F79EFBC}") = "Esercizio40", "Esercizio40\Esercizio40.csproj", "{FA4B7F26-AD84-4F5D-AE29-6234917823CC}"
EndProject
Global
	GlobalSection(SolutionConfigurationPlatforms) = preSolution
		Debug|Any CPU = Debug|Any CPU
		Release|Any CPU = Release|Any CPU
	EndGlobalSection
	GlobalSection(ProjectConfigurationPlatforms) = postSolution
		{FA4B7F26-AD84-4F5D-AE29-6234917823CC}.Debug|Any CPU.ActiveCfg = Debug|Any CPU
		{FA4B7F26-AD84-4F5D-AE29-6234917823CC}.Debug|Any CPU.Build.0 = Debug|Any CPU
		{FA4B7F26-AD84-4F5D-AE29-6234917823CC}.Release|Any CPU.ActiveCfg = Release|Any CPU
		{FA4B7F26-AD84-4F5D-AE29-6234917823CC}.Release|Any CPU.Build.0 = Release|Any CPU
	EndGlobalSection
	GlobalSection(SolutionProperties) = preSolution
		HideSolutionNode = FALSE
	EndGlobalSection
	GlobalSection(ExtensibilityGlobals) = postSolution
		SolutionGuid = {366ADAA3-3F03-448E-B5B1-D6219B8D3E13}
	EndGlobalSection
EndGlobal
