
Microsoft Visual Studio Solution File, Format Version 12.00
# Visual Studio Version 17
VisualStudioVersion = 17.13.35919.96 d17.13
MinimumVisualStudioVersion = 10.0.40219.1
Project("{FAE04EC0-301F-11D3-BF4B-00C04F79EFBC}") = "Esercizio20", "Esercizio20\Esercizio20.csproj", "{2CD8A43A-12B8-4F64-886F-1FCA400CBE21}"
EndProject
Global
	GlobalSection(SolutionConfigurationPlatforms) = preSolution
		Debug|Any CPU = Debug|Any CPU
		Release|Any CPU = Release|Any CPU
	EndGlobalSection
	GlobalSection(ProjectConfigurationPlatforms) = postSolution
		{2CD8A43A-12B8-4F64-886F-1FCA400CBE21}.Debug|Any CPU.ActiveCfg = Debug|Any CPU
		{2CD8A43A-12B8-4F64-886F-1FCA400CBE21}.Debug|Any CPU.Build.0 = Debug|Any CPU
		{2CD8A43A-12B8-4F64-886F-1FCA400CBE21}.Release|Any CPU.ActiveCfg = Release|Any CPU
		{2CD8A43A-12B8-4F64-886F-1FCA400CBE21}.Release|Any CPU.Build.0 = Release|Any CPU
	EndGlobalSection
	GlobalSection(SolutionProperties) = preSolution
		HideSolutionNode = FALSE
	EndGlobalSection
	GlobalSection(ExtensibilityGlobals) = postSolution
		SolutionGuid = {A8CF6839-2842-44B5-9464-9AC22127BB1A}
	EndGlobalSection
EndGlobal
