
Microsoft Visual Studio Solution File, Format Version 12.00
# Visual Studio Version 17
VisualStudioVersion = 17.13.35931.197 d17.13
MinimumVisualStudioVersion = 10.0.40219.1
Project("{FAE04EC0-301F-11D3-BF4B-00C04F79EFBC}") = "Esercizio72", "Esercizio72\Esercizio72.csproj", "{AAC50276-9A9D-4DED-A95C-C63DF18FF1B5}"
EndProject
Global
	GlobalSection(SolutionConfigurationPlatforms) = preSolution
		Debug|Any CPU = Debug|Any CPU
		Release|Any CPU = Release|Any CPU
	EndGlobalSection
	GlobalSection(ProjectConfigurationPlatforms) = postSolution
		{AAC50276-9A9D-4DED-A95C-C63DF18FF1B5}.Debug|Any CPU.ActiveCfg = Debug|Any CPU
		{AAC50276-9A9D-4DED-A95C-C63DF18FF1B5}.Debug|Any CPU.Build.0 = Debug|Any CPU
		{AAC50276-9A9D-4DED-A95C-C63DF18FF1B5}.Release|Any CPU.ActiveCfg = Release|Any CPU
		{AAC50276-9A9D-4DED-A95C-C63DF18FF1B5}.Release|Any CPU.Build.0 = Release|Any CPU
	EndGlobalSection
	GlobalSection(SolutionProperties) = preSolution
		HideSolutionNode = FALSE
	EndGlobalSection
	GlobalSection(ExtensibilityGlobals) = postSolution
		SolutionGuid = {E1C6C354-51EC-486A-8561-0ABD32B06252}
	EndGlobalSection
EndGlobal
