
Microsoft Visual Studio Solution File, Format Version 12.00
# Visual Studio Version 17
VisualStudioVersion = 17.13.35931.197 d17.13
MinimumVisualStudioVersion = 10.0.40219.1
Project("{FAE04EC0-301F-11D3-BF4B-00C04F79EFBC}") = "Dictionary", "Dictionary\Dictionary.csproj", "{DEAF472E-050D-4CAE-B61C-5C4883666A4F}"
EndProject
Global
	GlobalSection(SolutionConfigurationPlatforms) = preSolution
		Debug|Any CPU = Debug|Any CPU
		Release|Any CPU = Release|Any CPU
	EndGlobalSection
	GlobalSection(ProjectConfigurationPlatforms) = postSolution
		{DEAF472E-050D-4CAE-B61C-5C4883666A4F}.Debug|Any CPU.ActiveCfg = Debug|Any CPU
		{DEAF472E-050D-4CAE-B61C-5C4883666A4F}.Debug|Any CPU.Build.0 = Debug|Any CPU
		{DEAF472E-050D-4CAE-B61C-5C4883666A4F}.Release|Any CPU.ActiveCfg = Release|Any CPU
		{DEAF472E-050D-4CAE-B61C-5C4883666A4F}.Release|Any CPU.Build.0 = Release|Any CPU
	EndGlobalSection
	GlobalSection(SolutionProperties) = preSolution
		HideSolutionNode = FALSE
	EndGlobalSection
	GlobalSection(ExtensibilityGlobals) = postSolution
		SolutionGuid = {AFD0CEA9-DC7C-4722-97BA-5A497DF40D3E}
	EndGlobalSection
EndGlobal
