
Microsoft Visual Studio Solution File, Format Version 12.00
# Visual Studio Version 17
VisualStudioVersion = 17.13.35931.197 d17.13
MinimumVisualStudioVersion = 10.0.40219.1
Project("{FAE04EC0-301F-11D3-BF4B-00C04F79EFBC}") = "Esercizio73", "Esercizio73\Esercizio73.csproj", "{26ED4493-4EB0-4084-B41E-B70E61D2EEF6}"
EndProject
Global
	GlobalSection(SolutionConfigurationPlatforms) = preSolution
		Debug|Any CPU = Debug|Any CPU
		Release|Any CPU = Release|Any CPU
	EndGlobalSection
	GlobalSection(ProjectConfigurationPlatforms) = postSolution
		{26ED4493-4EB0-4084-B41E-B70E61D2EEF6}.Debug|Any CPU.ActiveCfg = Debug|Any CPU
		{26ED4493-4EB0-4084-B41E-B70E61D2EEF6}.Debug|Any CPU.Build.0 = Debug|Any CPU
		{26ED4493-4EB0-4084-B41E-B70E61D2EEF6}.Release|Any CPU.ActiveCfg = Release|Any CPU
		{26ED4493-4EB0-4084-B41E-B70E61D2EEF6}.Release|Any CPU.Build.0 = Release|Any CPU
	EndGlobalSection
	GlobalSection(SolutionProperties) = preSolution
		HideSolutionNode = FALSE
	EndGlobalSection
	GlobalSection(ExtensibilityGlobals) = postSolution
		SolutionGuid = {0C494262-F6FA-4F55-A990-4C040862A08A}
	EndGlobalSection
EndGlobal
