
Microsoft Visual Studio Solution File, Format Version 12.00
# Visual Studio Version 17
VisualStudioVersion = 17.13.35931.197 d17.13
MinimumVisualStudioVersion = 10.0.40219.1
Project("{FAE04EC0-301F-11D3-BF4B-00C04F79EFBC}") = "Esercizio126", "Esercizio126\Esercizio126.csproj", "{58ACDAD2-4D93-4DEA-871C-269397B1B818}"
EndProject
Global
	GlobalSection(SolutionConfigurationPlatforms) = preSolution
		Debug|Any CPU = Debug|Any CPU
		Release|Any CPU = Release|Any CPU
	EndGlobalSection
	GlobalSection(ProjectConfigurationPlatforms) = postSolution
		{58ACDAD2-4D93-4DEA-871C-269397B1B818}.Debug|Any CPU.ActiveCfg = Debug|Any CPU
		{58ACDAD2-4D93-4DEA-871C-269397B1B818}.Debug|Any CPU.Build.0 = Debug|Any CPU
		{58ACDAD2-4D93-4DEA-871C-269397B1B818}.Release|Any CPU.ActiveCfg = Release|Any CPU
		{58ACDAD2-4D93-4DEA-871C-269397B1B818}.Release|Any CPU.Build.0 = Release|Any CPU
	EndGlobalSection
	GlobalSection(SolutionProperties) = preSolution
		HideSolutionNode = FALSE
	EndGlobalSection
	GlobalSection(ExtensibilityGlobals) = postSolution
		SolutionGuid = {CFAAE551-7AC9-4BBF-8FCC-69ED24D78839}
	EndGlobalSection
EndGlobal
