
Microsoft Visual Studio Solution File, Format Version 12.00
# Visual Studio Version 17
VisualStudioVersion = 17.13.35931.197 d17.13
MinimumVisualStudioVersion = 10.0.40219.1
Project("{FAE04EC0-301F-11D3-BF4B-00C04F79EFBC}") = "Esercizio198", "Esercizio198\Esercizio198.csproj", "{038DFE9B-D484-4B88-A39E-0792A89DC537}"
EndProject
Global
	GlobalSection(SolutionConfigurationPlatforms) = preSolution
		Debug|Any CPU = Debug|Any CPU
		Release|Any CPU = Release|Any CPU
	EndGlobalSection
	GlobalSection(ProjectConfigurationPlatforms) = postSolution
		{038DFE9B-D484-4B88-A39E-0792A89DC537}.Debug|Any CPU.ActiveCfg = Debug|Any CPU
		{038DFE9B-D484-4B88-A39E-0792A89DC537}.Debug|Any CPU.Build.0 = Debug|Any CPU
		{038DFE9B-D484-4B88-A39E-0792A89DC537}.Release|Any CPU.ActiveCfg = Release|Any CPU
		{038DFE9B-D484-4B88-A39E-0792A89DC537}.Release|Any CPU.Build.0 = Release|Any CPU
	EndGlobalSection
	GlobalSection(SolutionProperties) = preSolution
		HideSolutionNode = FALSE
	EndGlobalSection
	GlobalSection(ExtensibilityGlobals) = postSolution
		SolutionGuid = {4E00474C-CBA9-4DE8-8808-670E40A29A47}
	EndGlobalSection
EndGlobal
